PODS:
  - Branch (0.25.8):
    - Branch/Core (= 0.25.8)
  - Branch/Core (0.25.8)

DEPENDENCIES:
  - Branch

SPEC REPOS:
  https://github.com/cocoapods/specs.git:
    - Branch

SPEC CHECKSUMS:
  Branch: bef2918a62f57ce284f4fa1917f5de1fb31295fe

PODFILE CHECKSUM: f36c23149e5f51f03e7b616e4a413aa6eda40dcd

COCOAPODS: 1.5.3
